// !$*UTF8*$!
{
	archiveVersion = 1;
	classes = {
	};
	objectVersion = 54;
	objects = {

/* Begin PBXBuildFile section */
		9E3A2AF713C237A000E49A59 /* AddSong.png in Resources */ = {isa = PBXBuildFile; fileRef = 9E3A2AF613C237A000E49A59 /* AddSong.png */; };
		9E3A2AFB13C23D5200E49A59 /* AddFolder.png in Resources */ = {isa = PBXBuildFile; fileRef = 9E3A2AF813C23D5200E49A59 /* AddFolder.png */; };
		9E3A2AFC13C23D5200E49A59 /* ClearAll.png in Resources */ = {isa = PBXBuildFile; fileRef = 9E3A2AF913C23D5200E49A59 /* ClearAll.png */; };
		9E3A2AFD13C23D5200E49A59 /* ClearSong.png in Resources */ = {isa = PBXBuildFile; fileRef = 9E3A2AFA13C23D5200E49A59 /* ClearSong.png */; };
		9E431AF41D4AFC2800A69E9D /* CoreFoundation.framework in Frameworks */ = {isa = PBXBuildFile; fileRef = 9E431AF31D4AFC2800A69E9D /* CoreFoundation.framework */; };
		9E431AF61D4AFC3700A69E9D /* AppKit.framework in Frameworks */ = {isa = PBXBuildFile; fileRef = 9E431AF51D4AFC3700A69E9D /* AppKit.framework */; };
		9E431AF71D4AFC4800A69E9D /* UniformTypeIdentifiers.framework in Frameworks */ = {isa = PBXBuildFile; fileRef = 9E431AF81D4AFC4800A69E9D /* UniformTypeIdentifiers.framework */; };
		9E46184C1EDBC36100C12330 /* aacgain in Resources */ = {isa = PBXBuildFile; fileRef = 9E46184B1EDBC36100C12330 /* aacgain */; };
		9EB6852C1EB839E7003DD377 /* Assets.xcassets in Resources */ = {isa = PBXBuildFile; fileRef = 9EB6852B1EB839E7003DD377 /* Assets.xcassets */; };
		AA000000000000000000AA02 /* m3gInputItem.swift in Sources */ = {isa = PBXBuildFile; fileRef = AA000000000000000000AA01 /* m3gInputItem.swift */; };
		AA000000000000000000BB02 /* m3gPreferences.swift in Sources */ = {isa = PBXBuildFile; fileRef = AA000000000000000000BB01 /* m3gPreferences.swift */; };
		AA000000000000000000CC02 /* m3gInputList.swift in Sources */ = {isa = PBXBuildFile; fileRef = AA000000000000000000CC01 /* m3gInputList.swift */; };
		AA000000000000000000DD02 /* Mp3GainTask.swift in Sources */ = {isa = PBXBuildFile; fileRef = AA000000000000000000DD01 /* Mp3GainTask.swift */; };
		BB000000000000000000AA02 /* MP3GainApp.swift in Sources */ = {isa = PBXBuildFile; fileRef = BB000000000000000000AA01 /* MP3GainApp.swift */; };
		BB000000000000000000AB02 /* AppViewModel.swift in Sources */ = {isa = PBXBuildFile; fileRef = BB000000000000000000AB01 /* AppViewModel.swift */; };
		BB000000000000000000AC02 /* ContentView.swift in Sources */ = {isa = PBXBuildFile; fileRef = BB000000000000000000AC01 /* ContentView.swift */; };
		BB000000000000000000AD02 /* PreferencesView.swift in Sources */ = {isa = PBXBuildFile; fileRef = BB000000000000000000AD01 /* PreferencesView.swift */; };
		BB000000000000000000AE02 /* LanguageSelectorView.swift in Sources */ = {isa = PBXBuildFile; fileRef = BB000000000000000000AE01 /* LanguageSelectorView.swift */; };
		D9985E222F5F50E100D55DA7 /* Credits.rtf in Resources */ = {isa = PBXBuildFile; fileRef = D9985E202F5F50E100D55DA7 /* Credits.rtf */; };
		D9B54D132F603C0300D5D009 /* Sparkle in Frameworks */ = {isa = PBXBuildFile; productRef = D9B54D122F603C0300D5D009 /* Sparkle */; };
		D9F96FB52F44E6EF00CA6066 /* Localizable.strings in Resources */ = {isa = PBXBuildFile; fileRef = D9F96FB42F44E6EF00CA6066 /* Localizable.strings */; };
/* End PBXBuildFile section */

/* Begin PBXCopyFilesBuildPhase section */
		D9F96FB92F44E70900CA6066 /* Embed Frameworks */ = {
			isa = PBXCopyFilesBuildPhase;
			buildActionMask = 2147483647;
			dstPath = "";
			dstSubfolderSpec = 10;
			files = (
			);
			name = "Embed Frameworks";
			runOnlyForDeploymentPostprocessing = 0;
		};
/* End PBXCopyFilesBuildPhase section */

/* Begin PBXFileReference section */
		9E3A2AD513C231B400E49A59 /* MP3GainExpress.app */ = {isa = PBXFileReference; explicitFileType = wrapper.application; includeInIndex = 0; path = MP3GainExpress.app; sourceTree = BUILT_PRODUCTS_DIR; };
		9E3A2AF613C237A000E49A59 /* AddSong.png */ = {isa = PBXFileReference; lastKnownFileType = image.png; path = AddSong.png; sourceTree = "<group>"; };
		9E3A2AF813C23D5200E49A59 /* AddFolder.png */ = {isa = PBXFileReference; lastKnownFileType = image.png; path = AddFolder.png; sourceTree = "<group>"; };
		9E3A2AF913C23D5200E49A59 /* ClearAll.png */ = {isa = PBXFileReference; lastKnownFileType = image.png; path = ClearAll.png; sourceTree = "<group>"; };
		9E3A2AFA13C23D5200E49A59 /* ClearSong.png */ = {isa = PBXFileReference; lastKnownFileType = image.png; path = ClearSong.png; sourceTree = "<group>"; };
		9E431AF31D4AFC2800A69E9D /* CoreFoundation.framework */ = {isa = PBXFileReference; lastKnownFileType = wrapper.framework; name = CoreFoundation.framework; path = System/Library/Frameworks/CoreFoundation.framework; sourceTree = SDKROOT; };
		9E431AF51D4AFC3700A69E9D /* AppKit.framework */ = {isa = PBXFileReference; lastKnownFileType = wrapper.framework; name = AppKit.framework; path = System/Library/Frameworks/AppKit.framework; sourceTree = SDKROOT; };
		9E431AF81D4AFC4800A69E9D /* UniformTypeIdentifiers.framework */ = {isa = PBXFileReference; lastKnownFileType = wrapper.framework; name = UniformTypeIdentifiers.framework; path = System/Library/Frameworks/UniformTypeIdentifiers.framework; sourceTree = SDKROOT; };
		9E46184B1EDBC36100C12330 /* aacgain */ = {isa = PBXFileReference; lastKnownFileType = "compiled.mach-o.executable"; path = aacgain; sourceTree = "<group>"; };
		9EB6852B1EB839E7003DD377 /* Assets.xcassets */ = {isa = PBXFileReference; lastKnownFileType = folder.assetcatalog; path = Assets.xcassets; sourceTree = "<group>"; };
		AA000000000000000000AA01 /* m3gInputItem.swift */ = {isa = PBXFileReference; lastKnownFileType = sourcecode.swift; path = m3gInputItem.swift; sourceTree = "<group>"; };
		AA000000000000000000BB01 /* m3gPreferences.swift */ = {isa = PBXFileReference; lastKnownFileType = sourcecode.swift; path = m3gPreferences.swift; sourceTree = "<group>"; };
		AA000000000000000000CC01 /* m3gInputList.swift */ = {isa = PBXFileReference; lastKnownFileType = sourcecode.swift; path = m3gInputList.swift; sourceTree = "<group>"; };
		AA000000000000000000DD01 /* Mp3GainTask.swift */ = {isa = PBXFileReference; lastKnownFileType = sourcecode.swift; path = Mp3GainTask.swift; sourceTree = "<group>"; };
		BB000000000000000000AA01 /* MP3GainApp.swift */ = {isa = PBXFileReference; lastKnownFileType = sourcecode.swift; path = MP3GainApp.swift; sourceTree = "<group>"; };
		BB000000000000000000AB01 /* AppViewModel.swift */ = {isa = PBXFileReference; lastKnownFileType = sourcecode.swift; path = AppViewModel.swift; sourceTree = "<group>"; };
		BB000000000000000000AC01 /* ContentView.swift */ = {isa = PBXFileReference; lastKnownFileType = sourcecode.swift; path = ContentView.swift; sourceTree = "<group>"; };
		BB000000000000000000AD01 /* PreferencesView.swift */ = {isa = PBXFileReference; lastKnownFileType = sourcecode.swift; path = PreferencesView.swift; sourceTree = "<group>"; };
		BB000000000000000000AE01 /* LanguageSelectorView.swift */ = {isa = PBXFileReference; lastKnownFileType = sourcecode.swift; path = LanguageSelectorView.swift; sourceTree = "<group>"; };
		D9069FB92F635ADD00F390A0 /* el */ = {isa = PBXFileReference; lastKnownFileType = text.rtf; name = el; path = el.lproj/Credits.rtf; sourceTree = "<group>"; };
		D9069FBA2F635ADD00F390A0 /* el */ = {isa = PBXFileReference; lastKnownFileType = text.plist.strings; name = el; path = el.lproj/Localizable.strings; sourceTree = "<group>"; };
		D9069FBC2F635AE400F390A0 /* cs */ = {isa = PBXFileReference; lastKnownFileType = text.rtf; name = cs; path = cs.lproj/Credits.rtf; sourceTree = "<group>"; };
		D9069FBD2F635AE400F390A0 /* cs */ = {isa = PBXFileReference; lastKnownFileType = text.plist.strings; name = cs; path = cs.lproj/Localizable.strings; sourceTree = "<group>"; };
		D91B79C52F603EBA0032DDD6 /* fr */ = {isa = PBXFileReference; lastKnownFileType = text.rtf; name = fr; path = fr.lproj/Credits.rtf; sourceTree = "<group>"; };
		D91B79C62F603EBA0032DDD6 /* fr */ = {isa = PBXFileReference; lastKnownFileType = text.plist.strings; name = fr; path = fr.lproj/Localizable.strings; sourceTree = "<group>"; };
		D91B79C82F603EC10032DDD6 /* de */ = {isa = PBXFileReference; lastKnownFileType = text.rtf; name = de; path = de.lproj/Credits.rtf; sourceTree = "<group>"; };
		D91B79C92F603EC20032DDD6 /* de */ = {isa = PBXFileReference; lastKnownFileType = text.plist.strings; name = de; path = de.lproj/Localizable.strings; sourceTree = "<group>"; };
		D91B79CB2F603EC80032DDD6 /* it */ = {isa = PBXFileReference; lastKnownFileType = text.rtf; name = it; path = it.lproj/Credits.rtf; sourceTree = "<group>"; };
		D91B79CC2F603EC80032DDD6 /* it */ = {isa = PBXFileReference; lastKnownFileType = text.plist.strings; name = it; path = it.lproj/Localizable.strings; sourceTree = "<group>"; };
		D92A70FD2F42430900A5866C /* MP3GainExpress.entitlements */ = {isa = PBXFileReference; lastKnownFileType = text.plist.entitlements; path = MP3GainExpress.entitlements; sourceTree = "<group>"; };
		D9985E212F5F50E100D55DA7 /* Base */ = {isa = PBXFileReference; lastKnownFileType = text.rtf; name = Base; path = Base.lproj/Credits.rtf; sourceTree = "<group>"; };
		D9985E232F5F50F300D55DA7 /* en */ = {isa = PBXFileReference; lastKnownFileType = text.rtf; name = en; path = en.lproj/Credits.rtf; sourceTree = "<group>"; };
		D9985E242F5F50F400D55DA7 /* es */ = {isa = PBXFileReference; lastKnownFileType = text.rtf; name = es; path = es.lproj/Credits.rtf; sourceTree = "<group>"; };
		D9C34D722F6363870076E48F /* Base */ = {isa = PBXFileReference; lastKnownFileType = text.plist.xml; name = Base; path = "Base.lproj/MP3GainExpress-Info.plist"; sourceTree = "<group>"; };
		D9F96FB42F44E6EF00CA6068 /* en */ = {isa = PBXFileReference; lastKnownFileType = text.plist.strings; name = en; path = en.lproj/Localizable.strings; sourceTree = "<group>"; };
		D9F96FB42F44E6EF00CA6069 /* es */ = {isa = PBXFileReference; lastKnownFileType = text.plist.strings; name = es; path = es.lproj/Localizable.strings; sourceTree = "<group>"; };
/* End PBXFileReference section */

/* Begin PBXFrameworksBuildPhase section */
		9E3A2AD213C231B400E49A59 /* Frameworks */ = {
			isa = PBXFrameworksBuildPhase;
			buildActionMask = 2147483647;
			files = (
				9E431AF61D4AFC3700A69E9D /* AppKit.framework in Frameworks */,
				D9B54D132F603C0300D5D009 /* Sparkle in Frameworks */,
				9E431AF41D4AFC2800A69E9D /* CoreFoundation.framework in Frameworks */,
				9E431AF71D4AFC4800A69E9D /* UniformTypeIdentifiers.framework in Frameworks */,
			);
			runOnlyForDeploymentPostprocessing = 0;
		};
/* End PBXFrameworksBuildPhase section */

/* Begin PBXGroup section */
		42BD50B5ED9E4011871A419A /* Language */ = {
			isa = PBXGroup;
			children = (
				BB000000000000000000AE01 /* LanguageSelectorView.swift */,
				D9F96FB42F44E6EF00CA6066 /* Localizable.strings */,
			);
			path = Language;
			sourceTree = "<group>";
		};
		9E3A2ACA13C231B400E49A59 = {
			isa = PBXGroup;
			children = (
				9E3A2ADF13C231B400E49A59 /* MP3GainExpress */,
				9E3A2AD813C231B400E49A59 /* Frameworks */,
				9E3A2AD613C231B400E49A59 /* Products */,
			);
			sourceTree = "<group>";
		};
		9E3A2AD613C231B400E49A59 /* Products */ = {
			isa = PBXGroup;
			children = (
				9E3A2AD513C231B400E49A59 /* MP3GainExpress.app */,
			);
			name = Products;
			sourceTree = "<group>";
		};
		9E3A2AD813C231B400E49A59 /* Frameworks */ = {
			isa = PBXGroup;
			children = (
				9E431AF51D4AFC3700A69E9D /* AppKit.framework */,
				9E431AF31D4AFC2800A69E9D /* CoreFoundation.framework */,
				9E431AF81D4AFC4800A69E9D /* UniformTypeIdentifiers.framework */,
			);
			name = Frameworks;
			sourceTree = "<group>";
		};
		9E3A2ADF13C231B400E49A59 /* MP3GainExpress */ = {
			isa = PBXGroup;
			children = (
				D92A70FC2F42415600A5866C /* aacgain-exe */,
				9EB6852B1EB839E7003DD377 /* Assets.xcassets */,
				D9985E202F5F50E100D55DA7 /* Credits.rtf */,
				42BD50B5ED9E4011871A419A /* Language */,
				D92A70F92F4240D500A5866C /* Model */,
				BB000000000000000000AA01 /* MP3GainApp.swift */,
				D92A70FD2F42430900A5866C /* MP3GainExpress.entitlements */,
				D9C34D732F6363870076E48F /* MP3GainExpress-Info.plist */,
				D92A70FB2F42410100A5866C /* Process */,
				9E3A2AE013C231B400E49A59 /* Supporting Files */,
				C08AB9742F6EEDC200EF114A /* Views */,
			);
			path = MP3GainExpress;
			sourceTree = "<group>";
		};
		9E3A2AE013C231B400E49A59 /* Supporting Files */ = {
			isa = PBXGroup;
			children = (
				D92A70F82F423D3F00A5866C /* Toolbar-icons */,
			);
			name = "Supporting Files";
			sourceTree = "<group>";
		};
		C08AB9742F6EEDC200EF114A /* Views */ = {
			isa = PBXGroup;
			children = (
				BB000000000000000000AC01 /* ContentView.swift */,
				BB000000000000000000AD01 /* PreferencesView.swift */,
			);
			path = Views;
			sourceTree = "<group>";
		};
		D92A70F82F423D3F00A5866C /* Toolbar-icons */ = {
			isa = PBXGroup;
			children = (
				9E3A2AF813C23D5200E49A59 /* AddFolder.png */,
				9E3A2AF913C23D5200E49A59 /* ClearAll.png */,
				9E3A2AFA13C23D5200E49A59 /* ClearSong.png */,
				9E3A2AF613C237A000E49A59 /* AddSong.png */,
			);
			path = "Toolbar-icons";
			sourceTree = "<group>";
		};
		D92A70F92F4240D500A5866C /* Model */ = {
			isa = PBXGroup;
			children = (
				BB000000000000000000AB01 /* AppViewModel.swift */,
				AA000000000000000000BB01 /* m3gPreferences.swift */,
			);
			path = Model;
			sourceTree = "<group>";
		};
		D92A70FB2F42410100A5866C /* Process */ = {
			isa = PBXGroup;
			children = (
				AA000000000000000000AA01 /* m3gInputItem.swift */,
				AA000000000000000000CC01 /* m3gInputList.swift */,
				AA000000000000000000DD01 /* Mp3GainTask.swift */,
			);
			path = Process;
			sourceTree = "<group>";
		};
		D92A70FC2F42415600A5866C /* aacgain-exe */ = {
			isa = PBXGroup;
			children = (
				9E46184B1EDBC36100C12330 /* aacgain */,
			);
			path = "aacgain-exe";
			sourceTree = "<group>";
		};
/* End PBXGroup section */

/* Begin PBXNativeTarget section */
		9E3A2AD413C231B400E49A59 /* MP3GainExpress */ = {
			isa = PBXNativeTarget;
			buildConfigurationList = 9E3A2AF313C231B400E49A59 /* Build configuration list for PBXNativeTarget "MP3GainExpress" */;
			buildPhases = (
				9E3A2AD113C231B400E49A59 /* Sources */,
				9E3A2AD213C231B400E49A59 /* Frameworks */,
				9E3A2AD313C231B400E49A59 /* Resources */,
				D9F96FB92F44E70900CA6066 /* Embed Frameworks */,
			);
			buildRules = (
			);
			dependencies = (
			);
			name = MP3GainExpress;
			productName = Mp3GainMac;
			productReference = 9E3A2AD513C231B400E49A59 /* MP3GainExpress.app */;
			productType = "com.apple.product-type.application";
		};
/* End PBXNativeTarget section */

/* Begin PBXProject section */
		9E3A2ACC13C231B400E49A59 /* Project object */ = {
			isa = PBXProject;
			attributes = {
				LastUpgradeCheck = 1230;
				TargetAttributes = {
					9E3A2AD413C231B400E49A59 = {
						DevelopmentTeam = ER43ZD2S4U;
						ProvisioningStyle = Automatic;
					};
				};
			};
			buildConfigurationList = 9E3A2ACF13C231B400E49A59 /* Build configuration list for PBXProject "MP3GainExpress" */;
			compatibilityVersion = "Xcode 3.2";
			developmentRegion = en;
			hasScannedForEncodings = 0;
			knownRegions = (
				en,
				es,
				Base,
				fr,
				de,
				it,
				el,
				cs,
			);
			mainGroup = 9E3A2ACA13C231B400E49A59;
			packageReferences = (
				D9B54D112F603C0300D5D009 /* XCRemoteSwiftPackageReference "Sparkle" */,
			);
			productRefGroup = 9E3A2AD613C231B400E49A59 /* Products */;
			projectDirPath = "";
			projectRoot = "";
			targets = (
				9E3A2AD413C231B400E49A59 /* MP3GainExpress */,
			);
		};
/* End PBXProject section */

/* Begin PBXResourcesBuildPhase section */
		9E3A2AD313C231B400E49A59 /* Resources */ = {
			isa = PBXResourcesBuildPhase;
			buildActionMask = 2147483647;
			files = (
				9EB6852C1EB839E7003DD377 /* Assets.xcassets in Resources */,
				D9985E222F5F50E100D55DA7 /* Credits.rtf in Resources */,
				9E46184C1EDBC36100C12330 /* aacgain in Resources */,
				9E3A2AF713C237A000E49A59 /* AddSong.png in Resources */,
				D9F96FB52F44E6EF00CA6066 /* Localizable.strings in Resources */,
				9E3A2AFB13C23D5200E49A59 /* AddFolder.png in Resources */,
				9E3A2AFC13C23D5200E49A59 /* ClearAll.png in Resources */,
				9E3A2AFD13C23D5200E49A59 /* ClearSong.png in Resources */,
			);
			runOnlyForDeploymentPostprocessing = 0;
		};
/* End PBXResourcesBuildPhase section */

/* Begin PBXSourcesBuildPhase section */
		9E3A2AD113C231B400E49A59 /* Sources */ = {
			isa = PBXSourcesBuildPhase;
			buildActionMask = 2147483647;
			files = (
				AA000000000000000000DD02 /* Mp3GainTask.swift in Sources */,
				AA000000000000000000BB02 /* m3gPreferences.swift in Sources */,
				AA000000000000000000AA02 /* m3gInputItem.swift in Sources */,
				AA000000000000000000CC02 /* m3gInputList.swift in Sources */,
				BB000000000000000000AA02 /* MP3GainApp.swift in Sources */,
				BB000000000000000000AB02 /* AppViewModel.swift in Sources */,
				BB000000000000000000AC02 /* ContentView.swift in Sources */,
				BB000000000000000000AD02 /* PreferencesView.swift in Sources */,
				BB000000000000000000AE02 /* LanguageSelectorView.swift in Sources */,
			);
			runOnlyForDeploymentPostprocessing = 0;
		};
/* End PBXSourcesBuildPhase section */

/* Begin PBXVariantGroup section */
		D9985E202F5F50E100D55DA7 /* Credits.rtf */ = {
			isa = PBXVariantGroup;
			children = (
				D9985E212F5F50E100D55DA7 /* Base */,
				D9985E232F5F50F300D55DA7 /* en */,
				D9985E242F5F50F400D55DA7 /* es */,
				D91B79C52F603EBA0032DDD6 /* fr */,
				D91B79C82F603EC10032DDD6 /* de */,
				D91B79CB2F603EC80032DDD6 /* it */,
				D9069FB92F635ADD00F390A0 /* el */,
				D9069FBC2F635AE400F390A0 /* cs */,
			);
			name = Credits.rtf;
			sourceTree = "<group>";
		};
		D9C34D732F6363870076E48F /* MP3GainExpress-Info.plist */ = {
			isa = PBXVariantGroup;
			children = (
				D9C34D722F6363870076E48F /* Base */,
			);
			name = "MP3GainExpress-Info.plist";
			sourceTree = "<group>";
		};
		D9F96FB42F44E6EF00CA6066 /* Localizable.strings */ = {
			isa = PBXVariantGroup;
			children = (
				D9F96FB42F44E6EF00CA6068 /* en */,
				D9F96FB42F44E6EF00CA6069 /* es */,
				D91B79C62F603EBA0032DDD6 /* fr */,
				D91B79C92F603EC20032DDD6 /* de */,
				D91B79CC2F603EC80032DDD6 /* it */,
				D9069FBA2F635ADD00F390A0 /* el */,
				D9069FBD2F635AE400F390A0 /* cs */,
			);
			name = Localizable.strings;
			sourceTree = "<group>";
		};
/* End PBXVariantGroup section */

/* Begin XCBuildConfiguration section */
		9E3A2AF113C231B400E49A59 /* Debug */ = {
			isa = XCBuildConfiguration;
			buildSettings = {
				ALWAYS_SEARCH_USER_PATHS = NO;
				ARCHS = "$(ARCHS_STANDARD)";
				ASSETCATALOG_COMPILER_APPICON_NAME = AppIcon;
				CLANG_ANALYZER_LOCALIZABILITY_NONLOCALIZED = YES;
				CLANG_ENABLE_OBJC_ARC = YES;
				CLANG_WARN_BLOCK_CAPTURE_AUTORELEASING = YES;
				CLANG_WARN_BOOL_CONVERSION = YES;
				CLANG_WARN_COMMA = YES;
				CLANG_WARN_CONSTANT_CONVERSION = YES;
				CLANG_WARN_DEPRECATED_OBJC_IMPLEMENTATIONS = YES;
				CLANG_WARN_EMPTY_BODY = YES;
				CLANG_WARN_ENUM_CONVERSION = YES;
				CLANG_WARN_INFINITE_RECURSION = YES;
				CLANG_WARN_INT_CONVERSION = YES;
				CLANG_WARN_NON_LITERAL_NULL_CONVERSION = YES;
				CLANG_WARN_OBJC_IMPLICIT_RETAIN_SELF = YES;
				CLANG_WARN_OBJC_LITERAL_CONVERSION = YES;
				CLANG_WARN_QUOTED_INCLUDE_IN_FRAMEWORK_HEADER = YES;
				CLANG_WARN_RANGE_LOOP_ANALYSIS = YES;
				CLANG_WARN_STRICT_PROTOTYPES = YES;
				CLANG_WARN_SUSPICIOUS_MOVE = YES;
				CLANG_WARN_UNREACHABLE_CODE = YES;
				CLANG_WARN__DUPLICATE_METHOD_MATCH = YES;
				COPY_PHASE_STRIP = NO;
				ENABLE_HARDENED_RUNTIME = YES;
				ENABLE_STRICT_OBJC_MSGSEND = YES;
				ENABLE_TESTABILITY = YES;
				GCC_C_LANGUAGE_STANDARD = gnu99;
				GCC_DYNAMIC_NO_PIC = NO;
				GCC_ENABLE_OBJC_EXCEPTIONS = YES;
				GCC_NO_COMMON_BLOCKS = YES;
				GCC_OPTIMIZATION_LEVEL = 0;
				GCC_PREPROCESSOR_DEFINITIONS = (
					"DEBUG=1",
					"$(inherited)",
				);
				GCC_SYMBOLS_PRIVATE_EXTERN = NO;
				GCC_VERSION = com.apple.compilers.llvm.clang.1_0;
				GCC_WARN_64_TO_32_BIT_CONVERSION = YES;
				GCC_WARN_ABOUT_MISSING_PROTOTYPES = YES;
				GCC_WARN_ABOUT_RETURN_TYPE = YES;
				GCC_WARN_UNDECLARED_SELECTOR = YES;
				GCC_WARN_UNINITIALIZED_AUTOS = YES;
				GCC_WARN_UNUSED_FUNCTION = YES;
				GCC_WARN_UNUSED_VARIABLE = YES;
				MACOSX_DEPLOYMENT_TARGET = 11.5;
				ONLY_ACTIVE_ARCH = YES;
				SDKROOT = macosx;
			};
			name = Debug;
		};
		9E3A2AF213C231B400E49A59 /* Release */ = {
			isa = XCBuildConfiguration;
			buildSettings = {
				ALWAYS_SEARCH_USER_PATHS = NO;
				ARCHS = "$(ARCHS_STANDARD)";
				ASSETCATALOG_COMPILER_APPICON_NAME = AppIcon;
				CLANG_ANALYZER_LOCALIZABILITY_NONLOCALIZED = YES;
				CLANG_ENABLE_OBJC_ARC = YES;
				CLANG_WARN_BLOCK_CAPTURE_AUTORELEASING = YES;
				CLANG_WARN_BOOL_CONVERSION = YES;
				CLANG_WARN_COMMA = YES;
				CLANG_WARN_CONSTANT_CONVERSION = YES;
				CLANG_WARN_DEPRECATED_OBJC_IMPLEMENTATIONS = YES;
				CLANG_WARN_EMPTY_BODY = YES;
				CLANG_WARN_ENUM_CONVERSION = YES;
				CLANG_WARN_INFINITE_RECURSION = YES;
				CLANG_WARN_INT_CONVERSION = YES;
				CLANG_WARN_NON_LITERAL_NULL_CONVERSION = YES;
				CLANG_WARN_OBJC_IMPLICIT_RETAIN_SELF = YES;
				CLANG_WARN_OBJC_LITERAL_CONVERSION = YES;
				CLANG_WARN_QUOTED_INCLUDE_IN_FRAMEWORK_HEADER = YES;
				CLANG_WARN_RANGE_LOOP_ANALYSIS = YES;
				CLANG_WARN_STRICT_PROTOTYPES = YES;
				CLANG_WARN_SUSPICIOUS_MOVE = YES;
				CLANG_WARN_UNREACHABLE_CODE = YES;
				CLANG_WARN__DUPLICATE_METHOD_MATCH = YES;
				COPY_PHASE_STRIP = NO;
				DEBUG_INFORMATION_FORMAT = "dwarf-with-dsym";
				ENABLE_HARDENED_RUNTIME = YES;
				ENABLE_STRICT_OBJC_MSGSEND = YES;
				GCC_C_LANGUAGE_STANDARD = gnu99;
				GCC_ENABLE_OBJC_EXCEPTIONS = YES;
				GCC_NO_COMMON_BLOCKS = YES;
				GCC_VERSION = com.apple.compilers.llvm.clang.1_0;
				GCC_WARN_64_TO_32_BIT_CONVERSION = YES;
				GCC_WARN_ABOUT_MISSING_PROTOTYPES = YES;
				GCC_WARN_ABOUT_RETURN_TYPE = YES;
				GCC_WARN_UNDECLARED_SELECTOR = YES;
				GCC_WARN_UNINITIALIZED_AUTOS = YES;
				GCC_WARN_UNUSED_FUNCTION = YES;
				GCC_WARN_UNUSED_VARIABLE = YES;
				MACOSX_DEPLOYMENT_TARGET = 11.5;
				ONLY_ACTIVE_ARCH = YES;
				SDKROOT = macosx;
			};
			name = Release;
		};
		9E3A2AF413C231B400E49A59 /* Debug */ = {
			isa = XCBuildConfiguration;
			buildSettings = {
				CODE_SIGN_STYLE = Automatic;
				COMBINE_HIDPI_IMAGES = YES;
				CURRENT_PROJECT_VERSION = 288;
				DEVELOPMENT_TEAM = ER43ZD2S4U;
				ENABLE_HARDENED_RUNTIME = YES;
				INFOPLIST_FILE = "MP3GainExpress/Base.lproj/MP3GainExpress-Info.plist";
				INFOPLIST_KEY_LSApplicationCategoryType = "public.app-category.music";
				LD_RUNPATH_SEARCH_PATHS = (
					"$(inherited)",
					"@executable_path/../Frameworks",
				);
				MACOSX_DEPLOYMENT_TARGET = 13.5;
				MARKETING_VERSION = 4.0.0;
				PRODUCT_BUNDLE_IDENTIFIER = "com.sappharad.${PRODUCT_NAME:rfc1034identifier}";
				"PRODUCT_BUNDLE_IDENTIFIER[sdk=macosx*]" = "com.sappharad.${PRODUCT_NAME:rfc1034identifier}";
				PRODUCT_NAME = MP3GainExpress;
				PROVISIONING_PROFILE_SPECIFIER = "";
				SDKROOT = macosx;
				STRIP_INSTALLED_PRODUCT = NO;
				SWIFT_VERSION = 5.0;
				WRAPPER_EXTENSION = app;
			};
			name = Debug;
		};
		9E3A2AF513C231B400E49A59 /* Release */ = {
			isa = XCBuildConfiguration;
			buildSettings = {
				CODE_SIGN_STYLE = Automatic;
				COMBINE_HIDPI_IMAGES = YES;
				CURRENT_PROJECT_VERSION = 288;
				DEVELOPMENT_TEAM = ER43ZD2S4U;
				ENABLE_HARDENED_RUNTIME = YES;
				INFOPLIST_FILE = "MP3GainExpress/Base.lproj/MP3GainExpress-Info.plist";
				INFOPLIST_KEY_LSApplicationCategoryType = "public.app-category.music";
				LD_RUNPATH_SEARCH_PATHS = (
					"$(inherited)",
					"@executable_path/../Frameworks",
				);
				MACOSX_DEPLOYMENT_TARGET = 13.5;
				MARKETING_VERSION = 4.0.0;
				PRODUCT_BUNDLE_IDENTIFIER = "com.sappharad.${PRODUCT_NAME:rfc1034identifier}";
				"PRODUCT_BUNDLE_IDENTIFIER[sdk=macosx*]" = "com.sappharad.${PRODUCT_NAME:rfc1034identifier}";
				PRODUCT_NAME = MP3GainExpress;
				PROVISIONING_PROFILE_SPECIFIER = "";
				SDKROOT = macosx;
				STRIP_INSTALLED_PRODUCT = NO;
				SWIFT_VERSION = 5.0;
				WRAPPER_EXTENSION = app;
			};
			name = Release;
		};
/* End XCBuildConfiguration section */

/* Begin XCConfigurationList section */
		9E3A2ACF13C231B400E49A59 /* Build configuration list for PBXProject "MP3GainExpress" */ = {
			isa = XCConfigurationList;
			buildConfigurations = (
				9E3A2AF113C231B400E49A59 /* Debug */,
				9E3A2AF213C231B400E49A59 /* Release */,
			);
			defaultConfigurationIsVisible = 0;
			defaultConfigurationName = Release;
		};
		9E3A2AF313C231B400E49A59 /* Build configuration list for PBXNativeTarget "MP3GainExpress" */ = {
			isa = XCConfigurationList;
			buildConfigurations = (
				9E3A2AF413C231B400E49A59 /* Debug */,
				9E3A2AF513C231B400E49A59 /* Release */,
			);
			defaultConfigurationIsVisible = 0;
			defaultConfigurationName = Release;
		};
/* End XCConfigurationList section */

/* Begin XCRemoteSwiftPackageReference section */
		D9B54D112F603C0300D5D009 /* XCRemoteSwiftPackageReference "Sparkle" */ = {
			isa = XCRemoteSwiftPackageReference;
			repositoryURL = "https://github.com/sparkle-project/Sparkle";
			requirement = {
				kind = upToNextMajorVersion;
				minimumVersion = 2.9.0;
			};
		};
/* End XCRemoteSwiftPackageReference section */

/* Begin XCSwiftPackageProductDependency section */
		D9B54D122F603C0300D5D009 /* Sparkle */ = {
			isa = XCSwiftPackageProductDependency;
			package = D9B54D112F603C0300D5D009 /* XCRemoteSwiftPackageReference "Sparkle" */;
			productName = Sparkle;
		};
/* End XCSwiftPackageProductDependency section */
	};
	rootObject = 9E3A2ACC13C231B400E49A59 /* Project object */;
}
